# This file is automatically @generated by Cargo.
# It is not intended for manual editing.
version = 4

[[package]]
name = "bitreader"
version = "0.3.11"
source = "registry+https://github.com/rust-lang/crates.io-index"
checksum = "886559b1e163d56c765bc3a985febb4eee8009f625244511d8ee3c432e08c066"
dependencies = [
 "cfg-if",
]

[[package]]
name = "cfg-if"
version = "1.0.4"
source = "registry+https://github.com/rust-lang/crates.io-index"
checksum = "9330f8b2ff13f34540b44e946ef35111825727b38d33286ef986142615121801"

[[package]]
name = "viewerkg"
version = "0.1.0"
dependencies = [
 "bitreader",
]
